
Microsoft Visual Studio Solution File, Format Version 12.00
# Visual Studio Version 16
VisualStudioVersion = 16.0.30907.101
MinimumVisualStudioVersion = 10.0.40219.1
Project("{FAE04EC0-301F-11D3-BF4B-00C04F79EFBC}") = "DelegationBook", "DelegationBook\DelegationBook.csproj", "{F6FF9B9D-5ABE-4653-A40C-677E4A4FC945}"
EndProject
Global
	GlobalSection(SolutionConfigurationPlatforms) = preSolution
		Debug|Any CPU = Debug|Any CPU
		Release|Any CPU = Release|Any CPU
	EndGlobalSection
	GlobalSection(ProjectConfigurationPlatforms) = postSolution
		{F6FF9B9D-5ABE-4653-A40C-677E4A4FC945}.Debug|Any CPU.ActiveCfg = Debug|Any CPU
		{F6FF9B9D-5ABE-4653-A40C-677E4A4FC945}.Debug|Any CPU.Build.0 = Debug|Any CPU
		{F6FF9B9D-5ABE-4653-A40C-677E4A4FC945}.Release|Any CPU.ActiveCfg = Release|Any CPU
		{F6FF9B9D-5ABE-4653-A40C-677E4A4FC945}.Release|Any CPU.Build.0 = Release|Any CPU
	EndGlobalSection
	GlobalSection(SolutionProperties) = preSolution
		HideSolutionNode = FALSE
	EndGlobalSection
	GlobalSection(ExtensibilityGlobals) = postSolution
		SolutionGuid = {4621B353-F02F-447B-AF1E-A949A1304CB4}
	EndGlobalSection
EndGlobal
